
Microsoft Visual Studio Solution File, Format Version 12.00
# Visual Studio Version 17
VisualStudioVersion = 17.13.35919.96 d17.13
MinimumVisualStudioVersion = 10.0.40219.1
Project("{FAE04EC0-301F-11D3-BF4B-00C04F79EFBC}") = "GestorDeClientesCMD", "GestorDeClientesCMD\GestorDeClientesCMD.csproj", "{71393E23-954B-4F8A-8FD3-524F36D55023}"
EndProject
Global
	GlobalSection(SolutionConfigurationPlatforms) = preSolution
		Debug|Any CPU = Debug|Any CPU
		Release|Any CPU = Release|Any CPU
	EndGlobalSection
	GlobalSection(ProjectConfigurationPlatforms) = postSolution
		{71393E23-954B-4F8A-8FD3-524F36D55023}.Debug|Any CPU.ActiveCfg = Debug|Any CPU
		{71393E23-954B-4F8A-8FD3-524F36D55023}.Debug|Any CPU.Build.0 = Debug|Any CPU
		{71393E23-954B-4F8A-8FD3-524F36D55023}.Release|Any CPU.ActiveCfg = Release|Any CPU
		{71393E23-954B-4F8A-8FD3-524F36D55023}.Release|Any CPU.Build.0 = Release|Any CPU
	EndGlobalSection
	GlobalSection(SolutionProperties) = preSolution
		HideSolutionNode = FALSE
	EndGlobalSection
	GlobalSection(ExtensibilityGlobals) = postSolution
		SolutionGuid = {B9CC43A4-999C-4244-B78B-F08CF3DE293B}
	EndGlobalSection
EndGlobal
